// !$*UTF8*$!
{
	archiveVersion = 1;
	classes = {
	};
	objectVersion = 46;
	objects = {

/* Begin PBXBuildFile section */
		17BF288F1A9EBD9B00A70EEE /* main.c in Sources */ = {isa = PBXBuildFile; fileRef = 17BF288E1A9EBD9B00A70EEE /* main.c */; };
		17BF28981A9EE04800A70EEE /* pthread_sem.c in Sources */ = {isa = PBXBuildFile; fileRef = 17BF28971A9EE04800A70EEE /* pthread_sem.c */; };
/* End PBXBuildFile section */

/* Begin PBXCopyFilesBuildPhase section */
		17BF28891A9EBD9B00A70EEE /* CopyFiles */ = {
			isa = PBXCopyFilesBuildPhase;
			buildActionMask = 2147483647;
			dstPath = /usr/share/man/man1/;
			dstSubfolderSpec = 0;
			files = (
			);
			runOnlyForDeploymentPostprocessing = 1;
		};
/* End PBXCopyFilesBuildPhase section */

/* Begin PBXFileReference section */
		17BF288B1A9EBD9B00A70EEE /* Assignment2 */ = {isa = PBXFileReference; explicitFileType = "compiled.mach-o.executable"; includeInIndex = 0; path = Assignment2; sourceTree = BUILT_PRODUCTS_DIR; };
		17BF288E1A9EBD9B00A70EEE /* main.c */ = {isa = PBXFileReference; lastKnownFileType = sourcecode.c.c; path = main.c; sourceTree = "<group>"; };
		17BF28971A9EE04800A70EEE /* pthread_sem.c */ = {isa = PBXFileReference; fileEncoding = 4; lastKnownFileType = sourcecode.c.c; path = pthread_sem.c; sourceTree = "<group>"; };
/* End PBXFileReference section */

/* Begin PBXFrameworksBuildPhase section */
		17BF28881A9EBD9B00A70EEE /* Frameworks */ = {
			isa = PBXFrameworksBuildPhase;
			buildActionMask = 2147483647;
			files = (
			);
			runOnlyForDeploymentPostprocessing = 0;
		};
/* End PBXFrameworksBuildPhase section */

/* Begin PBXGroup section */
		17BF28821A9EBD9B00A70EEE = {
			isa = PBXGroup;
			children = (
				17BF288D1A9EBD9B00A70EEE /* Assignment2 */,
				17BF288C1A9EBD9B00A70EEE /* Products */,
			);
			sourceTree = "<group>";
		};
		17BF288C1A9EBD9B00A70EEE /* Products */ = {
			isa = PBXGroup;
			children = (
				17BF288B1A9EBD9B00A70EEE /* Assignment2 */,
			);
			name = Products;
			sourceTree = "<group>";
		};
		17BF288D1A9EBD9B00A70EEE /* Assignment2 */ = {
			isa = PBXGroup;
			children = (
				17BF28971A9EE04800A70EEE /* pthread_sem.c */,
				17BF288E1A9EBD9B00A70EEE /* main.c */,
			);
			path = Assignment2;
			sourceTree = "<group>";
		};
/* End PBXGroup section */

/* Begin PBXNativeTarget section */
		17BF288A1A9EBD9B00A70EEE /* Assignment2 */ = {
			isa = PBXNativeTarget;
			buildConfigurationList = 17BF28921A9EBD9B00A70EEE /* Build configuration list for PBXNativeTarget "Assignment2" */;
			buildPhases = (
				17BF28871A9EBD9B00A70EEE /* Sources */,
				17BF28881A9EBD9B00A70EEE /* Frameworks */,
				17BF28891A9EBD9B00A70EEE /* CopyFiles */,
			);
			buildRules = (
			);
			dependencies = (
			);
			name = Assignment2;
			productName = Assignment2;
			productReference = 17BF288B1A9EBD9B00A70EEE /* Assignment2 */;
			productType = "com.apple.product-type.tool";
		};
/* End PBXNativeTarget section */

/* Begin PBXProject section */
		17BF28831A9EBD9B00A70EEE /* Project object */ = {
			isa = PBXProject;
			attributes = {
				LastUpgradeCheck = 0610;
				ORGANIZATIONNAME = "Tuan Kiet Luu";
				TargetAttributes = {
					17BF288A1A9EBD9B00A70EEE = {
						CreatedOnToolsVersion = 6.1.1;
					};
				};
			};
			buildConfigurationList = 17BF28861A9EBD9B00A70EEE /* Build configuration list for PBXProject "Assignment2" */;
			compatibilityVersion = "Xcode 3.2";
			developmentRegion = English;
			hasScannedForEncodings = 0;
			knownRegions = (
				en,
			);
			mainGroup = 17BF28821A9EBD9B00A70EEE;
			productRefGroup = 17BF288C1A9EBD9B00A70EEE /* Products */;
			projectDirPath = "";
			projectRoot = "";
			targets = (
				17BF288A1A9EBD9B00A70EEE /* Assignment2 */,
			);
		};
/* End PBXProject section */

/* Begin PBXSourcesBuildPhase section */
		17BF28871A9EBD9B00A70EEE /* Sources */ = {
			isa = PBXSourcesBuildPhase;
			buildActionMask = 2147483647;
			files = (
				17BF28981A9EE04800A70EEE /* pthread_sem.c in Sources */,
				17BF288F1A9EBD9B00A70EEE /* main.c in Sources */,
			);
			runOnlyForDeploymentPostprocessing = 0;
		};
/* End PBXSourcesBuildPhase section */

/* Begin XCBuildConfiguration section */
		17BF28901A9EBD9B00A70EEE /* Debug */ = {
			isa = XCBuildConfiguration;
			buildSettings = {
				ALWAYS_SEARCH_USER_PATHS = NO;
				CLANG_CXX_LANGUAGE_STANDARD = "gnu++0x";
				CLANG_CXX_LIBRARY = "libc++";
				CLANG_ENABLE_MODULES = YES;
				CLANG_ENABLE_OBJC_ARC = YES;
				CLANG_WARN_BOOL_CONVERSION = YES;
				CLANG_WARN_CONSTANT_CONVERSION = YES;
				CLANG_WARN_DIRECT_OBJC_ISA_USAGE = YES_ERROR;
				CLANG_WARN_EMPTY_BODY = YES;
				CLANG_WARN_ENUM_CONVERSION = YES;
				CLANG_WARN_INT_CONVERSION = YES;
				CLANG_WARN_OBJC_ROOT_CLASS = YES_ERROR;
				CLANG_WARN_UNREACHABLE_CODE = YES;
				CLANG_WARN__DUPLICATE_METHOD_MATCH = YES;
				COPY_PHASE_STRIP = NO;
				ENABLE_STRICT_OBJC_MSGSEND = YES;
				GCC_C_LANGUAGE_STANDARD = gnu99;
				GCC_DYNAMIC_NO_PIC = NO;
				GCC_OPTIMIZATION_LEVEL = 0;
				GCC_PREPROCESSOR_DEFINITIONS = (
					"DEBUG=1",
					"$(inherited)",
				);
				GCC_SYMBOLS_PRIVATE_EXTERN = NO;
				GCC_WARN_64_TO_32_BIT_CONVERSION = YES;
				GCC_WARN_ABOUT_RETURN_TYPE = YES_ERROR;
				GCC_WARN_UNDECLARED_SELECTOR = YES;
				GCC_WARN_UNINITIALIZED_AUTOS = YES_AGGRESSIVE;
				GCC_WARN_UNUSED_FUNCTION = YES;
				GCC_WARN_UNUSED_VARIABLE = YES;
				MACOSX_DEPLOYMENT_TARGET = 10.10;
				MTL_ENABLE_DEBUG_INFO = YES;
				ONLY_ACTIVE_ARCH = YES;
				SDKROOT = macosx;
			};
			name = Debug;
		};
		17BF28911A9EBD9B00A70EEE /* Release */ = {
			isa = XCBuildConfiguration;
			buildSettings = {
				ALWAYS_SEARCH_USER_PATHS = NO;
				CLANG_CXX_LANGUAGE_STANDARD = "gnu++0x";
				CLANG_CXX_LIBRARY = "libc++";
				CLANG_ENABLE_MODULES = YES;
				CLANG_ENABLE_OBJC_ARC = YES;
				CLANG_WARN_BOOL_CONVERSION = YES;
				CLANG_WARN_CONSTANT_CONVERSION = YES;
				CLANG_WARN_DIRECT_OBJC_ISA_USAGE = YES_ERROR;
				CLANG_WARN_EMPTY_BODY = YES;
				CLANG_WARN_ENUM_CONVERSION = YES;
				CLANG_WARN_INT_CONVERSION = YES;
				CLANG_WARN_OBJC_ROOT_CLASS = YES_ERROR;
				CLANG_WARN_UNREACHABLE_CODE = YES;
				CLANG_WARN__DUPLICATE_METHOD_MATCH = YES;
				COPY_PHASE_STRIP = YES;
				DEBUG_INFORMATION_FORMAT = "dwarf-with-dsym";
				ENABLE_NS_ASSERTIONS = NO;
				ENABLE_STRICT_OBJC_MSGSEND = YES;
				GCC_C_LANGUAGE_STANDARD = gnu99;
				GCC_WARN_64_TO_32_BIT_CONVERSION = YES;
				GCC_WARN_ABOUT_RETURN_TYPE = YES_ERROR;
				GCC_WARN_UNDECLARED_SELECTOR = YES;
				GCC_WARN_UNINITIALIZED_AUTOS = YES_AGGRESSIVE;
				GCC_WARN_UNUSED_FUNCTION = YES;
				GCC_WARN_UNUSED_VARIABLE = YES;
				MACOSX_DEPLOYMENT_TARGET = 10.10;
				MTL_ENABLE_DEBUG_INFO = NO;
				SDKROOT = macosx;
			};
			name = Release;
		};
		17BF28931A9EBD9B00A70EEE /* Debug */ = {
			isa = XCBuildConfiguration;
			buildSettings = {
				PRODUCT_NAME = "$(TARGET_NAME)";
			};
			name = Debug;
		};
		17BF28941A9EBD9B00A70EEE /* Release */ = {
			isa = XCBuildConfiguration;
			buildSettings = {
				PRODUCT_NAME = "$(TARGET_NAME)";
			};
			name = Release;
		};
/* End XCBuildConfiguration section */

/* Begin XCConfigurationList section */
		17BF28861A9EBD9B00A70EEE /* Build configuration list for PBXProject "Assignment2" */ = {
			isa = XCConfigurationList;
			buildConfigurations = (
				17BF28901A9EBD9B00A70EEE /* Debug */,
				17BF28911A9EBD9B00A70EEE /* Release */,
			);
			defaultConfigurationIsVisible = 0;
			defaultConfigurationName = Release;
		};
		17BF28921A9EBD9B00A70EEE /* Build configuration list for PBXNativeTarget "Assignment2" */ = {
			isa = XCConfigurationList;
			buildConfigurations = (
				17BF28931A9EBD9B00A70EEE /* Debug */,
				17BF28941A9EBD9B00A70EEE /* Release */,
			);
			defaultConfigurationIsVisible = 0;
		};
/* End XCConfigurationList section */
	};
	rootObject = 17BF28831A9EBD9B00A70EEE /* Project object */;
}
